
Microsoft Visual Studio Solution File, Format Version 12.00
# Visual Studio Version 17
VisualStudioVersion = 17.0.31903.59
MinimumVisualStudioVersion = 10.0.40219.1
Project("{2150E333-8FDC-42A3-9474-1A3956D46DE8}") = "src", "src", "{682E93E6-EDB2-4749-8199-7E6FCA55680D}"
EndProject
Project("{9A19103F-16F7-4668-BE54-9A1E7A4F7556}") = "Scrywatch.Api", "src\Scrywatch.Api\Scrywatch.Api.csproj", "{5E235A59-7CFB-40EB-BCFA-30BD6D0C1029}"
EndProject
Project("{9A19103F-16F7-4668-BE54-9A1E7A4F7556}") = "Scrywatch.Infrastructure", "src\Scrywatch.Infrastructure\Scrywatch.Infrastructure.csproj", "{4279822F-398D-4F11-9F6B-766930E98D47}"
EndProject
Project("{9A19103F-16F7-4668-BE54-9A1E7A4F7556}") = "Scrywatch.Core", "src\Scrywatch.Core\Scrywatch.Core.csproj", "{BDE51914-7297-4E26-9148-9B6E9D6F33D3}"
EndProject
Project("{9A19103F-16F7-4668-BE54-9A1E7A4F7556}") = "Scrywatch.MergeService", "src\Scrywatch.MergeService\Scrywatch.MergeService.csproj", "{298FA69F-1467-4DEE-99CA-F3323091A88B}"
EndProject
Project("{00D1A9C2-B5F0-4AF3-8072-F6C62B433612}") = "Scrywatch.Database", "src\Scrywatch.Database\Scrywatch.Database.sqlproj", "{3D16AF6F-34DB-494B-A358-AC86A37EE87F}"
EndProject
Project("{9A19103F-16F7-4668-BE54-9A1E7A4F7556}") = "Scrywatch.Persistence", "src\Scrywatch.Persistence\Scrywatch.Persistence.csproj", "{99E64B3F-44A8-4401-B919-CEEB24262A95}"
EndProject
Global
	GlobalSection(SolutionConfigurationPlatforms) = preSolution
		Debug|Any CPU = Debug|Any CPU
		Release|Any CPU = Release|Any CPU
	EndGlobalSection
	GlobalSection(ProjectConfigurationPlatforms) = postSolution
		{5E235A59-7CFB-40EB-BCFA-30BD6D0C1029}.Debug|Any CPU.ActiveCfg = Debug|Any CPU
		{5E235A59-7CFB-40EB-BCFA-30BD6D0C1029}.Debug|Any CPU.Build.0 = Debug|Any CPU
		{5E235A59-7CFB-40EB-BCFA-30BD6D0C1029}.Release|Any CPU.ActiveCfg = Release|Any CPU
		{5E235A59-7CFB-40EB-BCFA-30BD6D0C1029}.Release|Any CPU.Build.0 = Release|Any CPU
		{4279822F-398D-4F11-9F6B-766930E98D47}.Debug|Any CPU.ActiveCfg = Debug|Any CPU
		{4279822F-398D-4F11-9F6B-766930E98D47}.Debug|Any CPU.Build.0 = Debug|Any CPU
		{4279822F-398D-4F11-9F6B-766930E98D47}.Release|Any CPU.ActiveCfg = Release|Any CPU
		{4279822F-398D-4F11-9F6B-766930E98D47}.Release|Any CPU.Build.0 = Release|Any CPU
		{BDE51914-7297-4E26-9148-9B6E9D6F33D3}.Debug|Any CPU.ActiveCfg = Debug|Any CPU
		{BDE51914-7297-4E26-9148-9B6E9D6F33D3}.Debug|Any CPU.Build.0 = Debug|Any CPU
		{BDE51914-7297-4E26-9148-9B6E9D6F33D3}.Release|Any CPU.ActiveCfg = Release|Any CPU
		{BDE51914-7297-4E26-9148-9B6E9D6F33D3}.Release|Any CPU.Build.0 = Release|Any CPU
		{298FA69F-1467-4DEE-99CA-F3323091A88B}.Debug|Any CPU.ActiveCfg = Debug|Any CPU
		{298FA69F-1467-4DEE-99CA-F3323091A88B}.Debug|Any CPU.Build.0 = Debug|Any CPU
		{298FA69F-1467-4DEE-99CA-F3323091A88B}.Release|Any CPU.ActiveCfg = Release|Any CPU
		{298FA69F-1467-4DEE-99CA-F3323091A88B}.Release|Any CPU.Build.0 = Release|Any CPU
		{3D16AF6F-34DB-494B-A358-AC86A37EE87F}.Debug|Any CPU.ActiveCfg = Debug|Any CPU
		{3D16AF6F-34DB-494B-A358-AC86A37EE87F}.Debug|Any CPU.Build.0 = Debug|Any CPU
		{3D16AF6F-34DB-494B-A358-AC86A37EE87F}.Debug|Any CPU.Deploy.0 = Debug|Any CPU
		{3D16AF6F-34DB-494B-A358-AC86A37EE87F}.Release|Any CPU.ActiveCfg = Release|Any CPU
		{3D16AF6F-34DB-494B-A358-AC86A37EE87F}.Release|Any CPU.Build.0 = Release|Any CPU
		{3D16AF6F-34DB-494B-A358-AC86A37EE87F}.Release|Any CPU.Deploy.0 = Release|Any CPU
		{99E64B3F-44A8-4401-B919-CEEB24262A95}.Debug|Any CPU.ActiveCfg = Debug|Any CPU
		{99E64B3F-44A8-4401-B919-CEEB24262A95}.Debug|Any CPU.Build.0 = Debug|Any CPU
		{99E64B3F-44A8-4401-B919-CEEB24262A95}.Release|Any CPU.ActiveCfg = Release|Any CPU
		{99E64B3F-44A8-4401-B919-CEEB24262A95}.Release|Any CPU.Build.0 = Release|Any CPU
	EndGlobalSection
	GlobalSection(SolutionProperties) = preSolution
		HideSolutionNode = FALSE
	EndGlobalSection
	GlobalSection(NestedProjects) = preSolution
		{5E235A59-7CFB-40EB-BCFA-30BD6D0C1029} = {682E93E6-EDB2-4749-8199-7E6FCA55680D}
		{4279822F-398D-4F11-9F6B-766930E98D47} = {682E93E6-EDB2-4749-8199-7E6FCA55680D}
		{BDE51914-7297-4E26-9148-9B6E9D6F33D3} = {682E93E6-EDB2-4749-8199-7E6FCA55680D}
		{298FA69F-1467-4DEE-99CA-F3323091A88B} = {682E93E6-EDB2-4749-8199-7E6FCA55680D}
		{3D16AF6F-34DB-494B-A358-AC86A37EE87F} = {682E93E6-EDB2-4749-8199-7E6FCA55680D}
		{99E64B3F-44A8-4401-B919-CEEB24262A95} = {682E93E6-EDB2-4749-8199-7E6FCA55680D}
	EndGlobalSection
	GlobalSection(ExtensibilityGlobals) = postSolution
		SolutionGuid = {FED589E8-3E96-4A21-829B-91728143D413}
	EndGlobalSection
EndGlobal
